
Microsoft Visual Studio Solution File, Format Version 12.00
# Visual Studio Version 17
VisualStudioVersion = 17.10.34928.147
MinimumVisualStudioVersion = 10.0.40219.1
Project("{FAE04EC0-301F-11D3-BF4B-00C04F79EFBC}") = "HelloWorld", "HelloWorld\HelloWorld.csproj", "{027C3D8A-2A64-4B3C-8057-7ABD051A407D}"
EndProject
Project("{FAE04EC0-301F-11D3-BF4B-00C04F79EFBC}") = "HelloWorld2", "HelloWorld2\HelloWorld2.csproj", "{62D9FE1D-8E36-4A79-A54A-3B3C2A436D0F}"
EndProject
Global
	GlobalSection(SolutionConfigurationPlatforms) = preSolution
		Debug|Any CPU = Debug|Any CPU
		Release|Any CPU = Release|Any CPU
	EndGlobalSection
	GlobalSection(ProjectConfigurationPlatforms) = postSolution
		{027C3D8A-2A64-4B3C-8057-7ABD051A407D}.Debug|Any CPU.ActiveCfg = Debug|Any CPU
		{027C3D8A-2A64-4B3C-8057-7ABD051A407D}.Debug|Any CPU.Build.0 = Debug|Any CPU
		{027C3D8A-2A64-4B3C-8057-7ABD051A407D}.Release|Any CPU.ActiveCfg = Release|Any CPU
		{027C3D8A-2A64-4B3C-8057-7ABD051A407D}.Release|Any CPU.Build.0 = Release|Any CPU
		{62D9FE1D-8E36-4A79-A54A-3B3C2A436D0F}.Debug|Any CPU.ActiveCfg = Debug|Any CPU
		{62D9FE1D-8E36-4A79-A54A-3B3C2A436D0F}.Debug|Any CPU.Build.0 = Debug|Any CPU
		{62D9FE1D-8E36-4A79-A54A-3B3C2A436D0F}.Release|Any CPU.ActiveCfg = Release|Any CPU
		{62D9FE1D-8E36-4A79-A54A-3B3C2A436D0F}.Release|Any CPU.Build.0 = Release|Any CPU
	EndGlobalSection
	GlobalSection(SolutionProperties) = preSolution
		HideSolutionNode = FALSE
	EndGlobalSection
	GlobalSection(ExtensibilityGlobals) = postSolution
		SolutionGuid = {BCFA54CC-56D8-4FA5-A09B-7253D3F5D48E}
	EndGlobalSection
EndGlobal
